
Microsoft Visual Studio Solution File, Format Version 12.00
Project("{FAE04EC0-301F-11D3-BF4B-00C04F79EFBC}") = "ChatterHubs", "ChatterHubs\ChatterHubs.csproj", "{025F1457-EF6B-4624-95D5-CC3126AA6D80}"
EndProject
Global
	GlobalSection(SolutionConfigurationPlatforms) = preSolution
		Debug|Any CPU = Debug|Any CPU
		Release|Any CPU = Release|Any CPU
	EndGlobalSection
	GlobalSection(ProjectConfigurationPlatforms) = postSolution
		{025F1457-EF6B-4624-95D5-CC3126AA6D80}.Debug|Any CPU.ActiveCfg = Debug|Any CPU
		{025F1457-EF6B-4624-95D5-CC3126AA6D80}.Debug|Any CPU.Build.0 = Debug|Any CPU
		{025F1457-EF6B-4624-95D5-CC3126AA6D80}.Release|Any CPU.ActiveCfg = Release|Any CPU
		{025F1457-EF6B-4624-95D5-CC3126AA6D80}.Release|Any CPU.Build.0 = Release|Any CPU
	EndGlobalSection
EndGlobal
